// !$*UTF8*$!
{
	archiveVersion = 1;
	classes = {
	};
	objectVersion = 50;
	objects = {

/* Begin PBXBuildFile section */
		87BB51AA2441ADBB005EF5A9 /* AppDelegate.swift in Sources */ = {isa = PBXBuildFile; fileRef = 87BB51A92441ADBB005EF5A9 /* AppDelegate.swift */; };
		87BB51AC2441ADBB005EF5A9 /* art.scnassets in Resources */ = {isa = PBXBuildFile; fileRef = 87BB51AB2441ADBB005EF5A9 /* art.scnassets */; };
		87BB51AE2441ADBB005EF5A9 /* ViewController.swift in Sources */ = {isa = PBXBuildFile; fileRef = 87BB51AD2441ADBB005EF5A9 /* ViewController.swift */; };
		87BB51B12441ADBB005EF5A9 /* Main.storyboard in Resources */ = {isa = PBXBuildFile; fileRef = 87BB51AF2441ADBB005EF5A9 /* Main.storyboard */; };
		87BB51B32441ADC4005EF5A9 /* Assets.xcassets in Resources */ = {isa = PBXBuildFile; fileRef = 87BB51B22441ADC4005EF5A9 /* Assets.xcassets */; };
		87BB51B62441ADC4005EF5A9 /* LaunchScreen.storyboard in Resources */ = {isa = PBXBuildFile; fileRef = 87BB51B42441ADC4005EF5A9 /* LaunchScreen.storyboard */; };
		87BB51C12441ADC5005EF5A9 /* ARkit_practiceTests.swift in Sources */ = {isa = PBXBuildFile; fileRef = 87BB51C02441ADC5005EF5A9 /* ARkit_practiceTests.swift */; };
		87BB51CC2441ADC5005EF5A9 /* ARkit_practiceUITests.swift in Sources */ = {isa = PBXBuildFile; fileRef = 87BB51CB2441ADC5005EF5A9 /* ARkit_practiceUITests.swift */; };
/* End PBXBuildFile section */

/* Begin PBXContainerItemProxy section */
		87BB51BD2441ADC5005EF5A9 /* PBXContainerItemProxy */ = {
			isa = PBXContainerItemProxy;
			containerPortal = 87BB519E2441ADBB005EF5A9 /* Project object */;
			proxyType = 1;
			remoteGlobalIDString = 87BB51A52441ADBB005EF5A9;
			remoteInfo = ARkit_practice;
		};
		87BB51C82441ADC5005EF5A9 /* PBXContainerItemProxy */ = {
			isa = PBXContainerItemProxy;
			containerPortal = 87BB519E2441ADBB005EF5A9 /* Project object */;
			proxyType = 1;
			remoteGlobalIDString = 87BB51A52441ADBB005EF5A9;
			remoteInfo = ARkit_practice;
		};
/* End PBXContainerItemProxy section */

/* Begin PBXFileReference section */
		87BB51A62441ADBB005EF5A9 /* ARkit_practice.app */ = {isa = PBXFileReference; explicitFileType = wrapper.application; includeInIndex = 0; path = ARkit_practice.app; sourceTree = BUILT_PRODUCTS_DIR; };
		87BB51A92441ADBB005EF5A9 /* AppDelegate.swift */ = {isa = PBXFileReference; lastKnownFileType = sourcecode.swift; path = AppDelegate.swift; sourceTree = "<group>"; };
		87BB51AB2441ADBB005EF5A9 /* art.scnassets */ = {isa = PBXFileReference; lastKnownFileType = wrapper.scnassets; path = art.scnassets; sourceTree = "<group>"; };
		87BB51AD2441ADBB005EF5A9 /* ViewController.swift */ = {isa = PBXFileReference; lastKnownFileType = sourcecode.swift; path = ViewController.swift; sourceTree = "<group>"; };
		87BB51B02441ADBB005EF5A9 /* Base */ = {isa = PBXFileReference; lastKnownFileType = file.storyboard; name = Base; path = Base.lproj/Main.storyboard; sourceTree = "<group>"; };
		87BB51B22441ADC4005EF5A9 /* Assets.xcassets */ = {isa = PBXFileReference; lastKnownFileType = folder.assetcatalog; path = Assets.xcassets; sourceTree = "<group>"; };
		87BB51B52441ADC4005EF5A9 /* Base */ = {isa = PBXFileReference; lastKnownFileType = file.storyboard; name = Base; path = Base.lproj/LaunchScreen.storyboard; sourceTree = "<group>"; };
		87BB51B72441ADC4005EF5A9 /* Info.plist */ = {isa = PBXFileReference; lastKnownFileType = text.plist.xml; path = Info.plist; sourceTree = "<group>"; };
		87BB51BC2441ADC5005EF5A9 /* ARkit_practiceTests.xctest */ = {isa = PBXFileReference; explicitFileType = wrapper.cfbundle; includeInIndex = 0; path = ARkit_practiceTests.xctest; sourceTree = BUILT_PRODUCTS_DIR; };
		87BB51C02441ADC5005EF5A9 /* ARkit_practiceTests.swift */ = {isa = PBXFileReference; lastKnownFileType = sourcecode.swift; path = ARkit_practiceTests.swift; sourceTree = "<group>"; };
		87BB51C22441ADC5005EF5A9 /* Info.plist */ = {isa = PBXFileReference; lastKnownFileType = text.plist.xml; path = Info.plist; sourceTree = "<group>"; };
		87BB51C72441ADC5005EF5A9 /* ARkit_practiceUITests.xctest */ = {isa = PBXFileReference; explicitFileType = wrapper.cfbundle; includeInIndex = 0; path = ARkit_practiceUITests.xctest; sourceTree = BUILT_PRODUCTS_DIR; };
		87BB51CB2441ADC5005EF5A9 /* ARkit_practiceUITests.swift */ = {isa = PBXFileReference; lastKnownFileType = sourcecode.swift; path = ARkit_practiceUITests.swift; sourceTree = "<group>"; };
		87BB51CD2441ADC5005EF5A9 /* Info.plist */ = {isa = PBXFileReference; lastKnownFileType = text.plist.xml; path = Info.plist; sourceTree = "<group>"; };
/* End PBXFileReference section */

/* Begin PBXFrameworksBuildPhase section */
		87BB51A32441ADBB005EF5A9 /* Frameworks */ = {
			isa = PBXFrameworksBuildPhase;
			buildActionMask = 2147483647;
			files = (
			);
			runOnlyForDeploymentPostprocessing = 0;
		};
		87BB51B92441ADC5005EF5A9 /* Frameworks */ = {
			isa = PBXFrameworksBuildPhase;
			buildActionMask = 2147483647;
			files = (
			);
			runOnlyForDeploymentPostprocessing = 0;
		};
		87BB51C42441ADC5005EF5A9 /* Frameworks */ = {
			isa = PBXFrameworksBuildPhase;
			buildActionMask = 2147483647;
			files = (
			);
			runOnlyForDeploymentPostprocessing = 0;
		};
/* End PBXFrameworksBuildPhase section */

/* Begin PBXGroup section */
		87BB519D2441ADBB005EF5A9 = {
			isa = PBXGroup;
			children = (
				87BB51A82441ADBB005EF5A9 /* ARkit_practice */,
				87BB51BF2441ADC5005EF5A9 /* ARkit_practiceTests */,
				87BB51CA2441ADC5005EF5A9 /* ARkit_practiceUITests */,
				87BB51A72441ADBB005EF5A9 /* Products */,
			);
			sourceTree = "<group>";
		};
		87BB51A72441ADBB005EF5A9 /* Products */ = {
			isa = PBXGroup;
			children = (
				87BB51A62441ADBB005EF5A9 /* ARkit_practice.app */,
				87BB51BC2441ADC5005EF5A9 /* ARkit_practiceTests.xctest */,
				87BB51C72441ADC5005EF5A9 /* ARkit_practiceUITests.xctest */,
			);
			name = Products;
			sourceTree = "<group>";
		};
		87BB51A82441ADBB005EF5A9 /* ARkit_practice */ = {
			isa = PBXGroup;
			children = (
				87BB51A92441ADBB005EF5A9 /* AppDelegate.swift */,
				87BB51AB2441ADBB005EF5A9 /* art.scnassets */,
				87BB51AD2441ADBB005EF5A9 /* ViewController.swift */,
				87BB51AF2441ADBB005EF5A9 /* Main.storyboard */,
				87BB51B22441ADC4005EF5A9 /* Assets.xcassets */,
				87BB51B42441ADC4005EF5A9 /* LaunchScreen.storyboard */,
				87BB51B72441ADC4005EF5A9 /* Info.plist */,
			);
			path = ARkit_practice;
			sourceTree = "<group>";
		};
		87BB51BF2441ADC5005EF5A9 /* ARkit_practiceTests */ = {
			isa = PBXGroup;
			children = (
				87BB51C02441ADC5005EF5A9 /* ARkit_practiceTests.swift */,
				87BB51C22441ADC5005EF5A9 /* Info.plist */,
			);
			path = ARkit_practiceTests;
			sourceTree = "<group>";
		};
		87BB51CA2441ADC5005EF5A9 /* ARkit_practiceUITests */ = {
			isa = PBXGroup;
			children = (
				87BB51CB2441ADC5005EF5A9 /* ARkit_practiceUITests.swift */,
				87BB51CD2441ADC5005EF5A9 /* Info.plist */,
			);
			path = ARkit_practiceUITests;
			sourceTree = "<group>";
		};
/* End PBXGroup section */

/* Begin PBXNativeTarget section */
		87BB51A52441ADBB005EF5A9 /* ARkit_practice */ = {
			isa = PBXNativeTarget;
			buildConfigurationList = 87BB51D02441ADC5005EF5A9 /* Build configuration list for PBXNativeTarget "ARkit_practice" */;
			buildPhases = (
				87BB51A22441ADBB005EF5A9 /* Sources */,
				87BB51A32441ADBB005EF5A9 /* Frameworks */,
				87BB51A42441ADBB005EF5A9 /* Resources */,
			);
			buildRules = (
			);
			dependencies = (
			);
			name = ARkit_practice;
			productName = ARkit_practice;
			productReference = 87BB51A62441ADBB005EF5A9 /* ARkit_practice.app */;
			productType = "com.apple.product-type.application";
		};
		87BB51BB2441ADC5005EF5A9 /* ARkit_practiceTests */ = {
			isa = PBXNativeTarget;
			buildConfigurationList = 87BB51D32441ADC5005EF5A9 /* Build configuration list for PBXNativeTarget "ARkit_practiceTests" */;
			buildPhases = (
				87BB51B82441ADC5005EF5A9 /* Sources */,
				87BB51B92441ADC5005EF5A9 /* Frameworks */,
				87BB51BA2441ADC5005EF5A9 /* Resources */,
			);
			buildRules = (
			);
			dependencies = (
				87BB51BE2441ADC5005EF5A9 /* PBXTargetDependency */,
			);
			name = ARkit_practiceTests;
			productName = ARkit_practiceTests;
			productReference = 87BB51BC2441ADC5005EF5A9 /* ARkit_practiceTests.xctest */;
			productType = "com.apple.product-type.bundle.unit-test";
		};
		87BB51C62441ADC5005EF5A9 /* ARkit_practiceUITests */ = {
			isa = PBXNativeTarget;
			buildConfigurationList = 87BB51D62441ADC5005EF5A9 /* Build configuration list for PBXNativeTarget "ARkit_practiceUITests" */;
			buildPhases = (
				87BB51C32441ADC5005EF5A9 /* Sources */,
				87BB51C42441ADC5005EF5A9 /* Frameworks */,
				87BB51C52441ADC5005EF5A9 /* Resources */,
			);
			buildRules = (
			);
			dependencies = (
				87BB51C92441ADC5005EF5A9 /* PBXTargetDependency */,
			);
			name = ARkit_practiceUITests;
			productName = ARkit_practiceUITests;
			productReference = 87BB51C72441ADC5005EF5A9 /* ARkit_practiceUITests.xctest */;
			productType = "com.apple.product-type.bundle.ui-testing";
		};
/* End PBXNativeTarget section */

/* Begin PBXProject section */
		87BB519E2441ADBB005EF5A9 /* Project object */ = {
			isa = PBXProject;
			attributes = {
				LastSwiftUpdateCheck = 1130;
				LastUpgradeCheck = 1130;
				ORGANIZATIONNAME = takuan517;
				TargetAttributes = {
					87BB51A52441ADBB005EF5A9 = {
						CreatedOnToolsVersion = 11.3.1;
					};
					87BB51BB2441ADC5005EF5A9 = {
						CreatedOnToolsVersion = 11.3.1;
						TestTargetID = 87BB51A52441ADBB005EF5A9;
					};
					87BB51C62441ADC5005EF5A9 = {
						CreatedOnToolsVersion = 11.3.1;
						TestTargetID = 87BB51A52441ADBB005EF5A9;
					};
				};
			};
			buildConfigurationList = 87BB51A12441ADBB005EF5A9 /* Build configuration list for PBXProject "ARkit_practice" */;
			compatibilityVersion = "Xcode 9.3";
			developmentRegion = en;
			hasScannedForEncodings = 0;
			knownRegions = (
				en,
				Base,
			);
			mainGroup = 87BB519D2441ADBB005EF5A9;
			productRefGroup = 87BB51A72441ADBB005EF5A9 /* Products */;
			projectDirPath = "";
			projectRoot = "";
			targets = (
				87BB51A52441ADBB005EF5A9 /* ARkit_practice */,
				87BB51BB2441ADC5005EF5A9 /* ARkit_practiceTests */,
				87BB51C62441ADC5005EF5A9 /* ARkit_practiceUITests */,
			);
		};
/* End PBXProject section */

/* Begin PBXResourcesBuildPhase section */
		87BB51A42441ADBB005EF5A9 /* Resources */ = {
			isa = PBXResourcesBuildPhase;
			buildActionMask = 2147483647;
			files = (
				87BB51AC2441ADBB005EF5A9 /* art.scnassets in Resources */,
				87BB51B62441ADC4005EF5A9 /* LaunchScreen.storyboard in Resources */,
				87BB51B32441ADC4005EF5A9 /* Assets.xcassets in Resources */,
				87BB51B12441ADBB005EF5A9 /* Main.storyboard in Resources */,
			);
			runOnlyForDeploymentPostprocessing = 0;
		};
		87BB51BA2441ADC5005EF5A9 /* Resources */ = {
			isa = PBXResourcesBuildPhase;
			buildActionMask = 2147483647;
			files = (
			);
			runOnlyForDeploymentPostprocessing = 0;
		};
		87BB51C52441ADC5005EF5A9 /* Resources */ = {
			isa = PBXResourcesBuildPhase;
			buildActionMask = 2147483647;
			files = (
			);
			runOnlyForDeploymentPostprocessing = 0;
		};
/* End PBXResourcesBuildPhase section */

/* Begin PBXSourcesBuildPhase section */
		87BB51A22441ADBB005EF5A9 /* Sources */ = {
			isa = PBXSourcesBuildPhase;
			buildActionMask = 2147483647;
			files = (
				87BB51AE2441ADBB005EF5A9 /* ViewController.swift in Sources */,
				87BB51AA2441ADBB005EF5A9 /* AppDelegate.swift in Sources */,
			);
			runOnlyForDeploymentPostprocessing = 0;
		};
		87BB51B82441ADC5005EF5A9 /* Sources */ = {
			isa = PBXSourcesBuildPhase;
			buildActionMask = 2147483647;
			files = (
				87BB51C12441ADC5005EF5A9 /* ARkit_practiceTests.swift in Sources */,
			);
			runOnlyForDeploymentPostprocessing = 0;
		};
		87BB51C32441ADC5005EF5A9 /* Sources */ = {
			isa = PBXSourcesBuildPhase;
			buildActionMask = 2147483647;
			files = (
				87BB51CC2441ADC5005EF5A9 /* ARkit_practiceUITests.swift in Sources */,
			);
			runOnlyForDeploymentPostprocessing = 0;
		};
/* End PBXSourcesBuildPhase section */

/* Begin PBXTargetDependency section */
		87BB51BE2441ADC5005EF5A9 /* PBXTargetDependency */ = {
			isa = PBXTargetDependency;
			target = 87BB51A52441ADBB005EF5A9 /* ARkit_practice */;
			targetProxy = 87BB51BD2441ADC5005EF5A9 /* PBXContainerItemProxy */;
		};
		87BB51C92441ADC5005EF5A9 /* PBXTargetDependency */ = {
			isa = PBXTargetDependency;
			target = 87BB51A52441ADBB005EF5A9 /* ARkit_practice */;
			targetProxy = 87BB51C82441ADC5005EF5A9 /* PBXContainerItemProxy */;
		};
/* End PBXTargetDependency section */

/* Begin PBXVariantGroup section */
		87BB51AF2441ADBB005EF5A9 /* Main.storyboard */ = {
			isa = PBXVariantGroup;
			children = (
				87BB51B02441ADBB005EF5A9 /* Base */,
			);
			name = Main.storyboard;
			sourceTree = "<group>";
		};
		87BB51B42441ADC4005EF5A9 /* LaunchScreen.storyboard */ = {
			isa = PBXVariantGroup;
			children = (
				87BB51B52441ADC4005EF5A9 /* Base */,
			);
			name = LaunchScreen.storyboard;
			sourceTree = "<group>";
		};
/* End PBXVariantGroup section */

/* Begin XCBuildConfiguration section */
		87BB51CE2441ADC5005EF5A9 /* Debug */ = {
			isa = XCBuildConfiguration;
			buildSettings = {
				ALWAYS_SEARCH_USER_PATHS = NO;
				CLANG_ANALYZER_NONNULL = YES;
				CLANG_ANALYZER_NUMBER_OBJECT_CONVERSION = YES_AGGRESSIVE;
				CLANG_CXX_LANGUAGE_STANDARD = "gnu++14";
				CLANG_CXX_LIBRARY = "libc++";
				CLANG_ENABLE_MODULES = YES;
				CLANG_ENABLE_OBJC_ARC = YES;
				CLANG_ENABLE_OBJC_WEAK = YES;
				CLANG_WARN_BLOCK_CAPTURE_AUTORELEASING = YES;
				CLANG_WARN_BOOL_CONVERSION = YES;
				CLANG_WARN_COMMA = YES;
				CLANG_WARN_CONSTANT_CONVERSION = YES;
				CLANG_WARN_DEPRECATED_OBJC_IMPLEMENTATIONS = YES;
				CLANG_WARN_DIRECT_OBJC_ISA_USAGE = YES_ERROR;
				CLANG_WARN_DOCUMENTATION_COMMENTS = YES;
				CLANG_WARN_EMPTY_BODY = YES;
				CLANG_WARN_ENUM_CONVERSION = YES;
				CLANG_WARN_INFINITE_RECURSION = YES;
				CLANG_WARN_INT_CONVERSION = YES;
				CLANG_WARN_NON_LITERAL_NULL_CONVERSION = YES;
				CLANG_WARN_OBJC_IMPLICIT_RETAIN_SELF = YES;
				CLANG_WARN_OBJC_LITERAL_CONVERSION = YES;
				CLANG_WARN_OBJC_ROOT_CLASS = YES_ERROR;
				CLANG_WARN_RANGE_LOOP_ANALYSIS = YES;
				CLANG_WARN_STRICT_PROTOTYPES = YES;
				CLANG_WARN_SUSPICIOUS_MOVE = YES;
				CLANG_WARN_UNGUARDED_AVAILABILITY = YES_AGGRESSIVE;
				CLANG_WARN_UNREACHABLE_CODE = YES;
				CLANG_WARN__DUPLICATE_METHOD_MATCH = YES;
				COPY_PHASE_STRIP = NO;
				DEBUG_INFORMATION_FORMAT = dwarf;
				ENABLE_STRICT_OBJC_MSGSEND = YES;
				ENABLE_TESTABILITY = YES;
				GCC_C_LANGUAGE_STANDARD = gnu11;
				GCC_DYNAMIC_NO_PIC = NO;
				GCC_NO_COMMON_BLOCKS = YES;
				GCC_OPTIMIZATION_LEVEL = 0;
				GCC_PREPROCESSOR_DEFINITIONS = (
					"DEBUG=1",
					"$(inherited)",
				);
				GCC_WARN_64_TO_32_BIT_CONVERSION = YES;
				GCC_WARN_ABOUT_RETURN_TYPE = YES_ERROR;
				GCC_WARN_UNDECLARED_SELECTOR = YES;
				GCC_WARN_UNINITIALIZED_AUTOS = YES_AGGRESSIVE;
				GCC_WARN_UNUSED_FUNCTION = YES;
				GCC_WARN_UNUSED_VARIABLE = YES;
				IPHONEOS_DEPLOYMENT_TARGET = 13.2;
				MTL_ENABLE_DEBUG_INFO = INCLUDE_SOURCE;
				MTL_FAST_MATH = YES;
				ONLY_ACTIVE_ARCH = YES;
				SDKROOT = iphoneos;
				SWIFT_ACTIVE_COMPILATION_CONDITIONS = DEBUG;
				SWIFT_OPTIMIZATION_LEVEL = "-Onone";
			};
			name = Debug;
		};
		87BB51CF2441ADC5005EF5A9 /* Release */ = {
			isa = XCBuildConfiguration;
			buildSettings = {
				ALWAYS_SEARCH_USER_PATHS = NO;
				CLANG_ANALYZER_NONNULL = YES;
				CLANG_ANALYZER_NUMBER_OBJECT_CONVERSION = YES_AGGRESSIVE;
				CLANG_CXX_LANGUAGE_STANDARD = "gnu++14";
				CLANG_CXX_LIBRARY = "libc++";
				CLANG_ENABLE_MODULES = YES;
				CLANG_ENABLE_OBJC_ARC = YES;
				CLANG_ENABLE_OBJC_WEAK = YES;
				CLANG_WARN_BLOCK_CAPTURE_AUTORELEASING = YES;
				CLANG_WARN_BOOL_CONVERSION = YES;
				CLANG_WARN_COMMA = YES;
				CLANG_WARN_CONSTANT_CONVERSION = YES;
				CLANG_WARN_DEPRECATED_OBJC_IMPLEMENTATIONS = YES;
				CLANG_WARN_DIRECT_OBJC_ISA_USAGE = YES_ERROR;
				CLANG_WARN_DOCUMENTATION_COMMENTS = YES;
				CLANG_WARN_EMPTY_BODY = YES;
				CLANG_WARN_ENUM_CONVERSION = YES;
				CLANG_WARN_INFINITE_RECURSION = YES;
				CLANG_WARN_INT_CONVERSION = YES;
				CLANG_WARN_NON_LITERAL_NULL_CONVERSION = YES;
				CLANG_WARN_OBJC_IMPLICIT_RETAIN_SELF = YES;
				CLANG_WARN_OBJC_LITERAL_CONVERSION = YES;
				CLANG_WARN_OBJC_ROOT_CLASS = YES_ERROR;
				CLANG_WARN_RANGE_LOOP_ANALYSIS = YES;
				CLANG_WARN_STRICT_PROTOTYPES = YES;
				CLANG_WARN_SUSPICIOUS_MOVE = YES;
				CLANG_WARN_UNGUARDED_AVAILABILITY = YES_AGGRESSIVE;
				CLANG_WARN_UNREACHABLE_CODE = YES;
				CLANG_WARN__DUPLICATE_METHOD_MATCH = YES;
				COPY_PHASE_STRIP = NO;
				DEBUG_INFORMATION_FORMAT = "dwarf-with-dsym";
				ENABLE_NS_ASSERTIONS = NO;
				ENABLE_STRICT_OBJC_MSGSEND = YES;
				GCC_C_LANGUAGE_STANDARD = gnu11;
				GCC_NO_COMMON_BLOCKS = YES;
				GCC_WARN_64_TO_32_BIT_CONVERSION = YES;
				GCC_WARN_ABOUT_RETURN_TYPE = YES_ERROR;
				GCC_WARN_UNDECLARED_SELECTOR = YES;
				GCC_WARN_UNINITIALIZED_AUTOS = YES_AGGRESSIVE;
				GCC_WARN_UNUSED_FUNCTION = YES;
				GCC_WARN_UNUSED_VARIABLE = YES;
				IPHONEOS_DEPLOYMENT_TARGET = 13.2;
				MTL_ENABLE_DEBUG_INFO = NO;
				MTL_FAST_MATH = YES;
				SDKROOT = iphoneos;
				SWIFT_COMPILATION_MODE = wholemodule;
				SWIFT_OPTIMIZATION_LEVEL = "-O";
				VALIDATE_PRODUCT = YES;
			};
			name = Release;
		};
		87BB51D12441ADC5005EF5A9 /* Debug */ = {
			isa = XCBuildConfiguration;
			buildSettings = {
				ASSETCATALOG_COMPILER_APPICON_NAME = AppIcon;
				CODE_SIGN_STYLE = Automatic;
				INFOPLIST_FILE = ARkit_practice/Info.plist;
				LD_RUNPATH_SEARCH_PATHS = (
					"$(inherited)",
					"@executable_path/Frameworks",
				);
				PRODUCT_BUNDLE_IDENTIFIER = "takuan.ARkit-practice";
				PRODUCT_NAME = "$(TARGET_NAME)";
				SWIFT_VERSION = 5.0;
				TARGETED_DEVICE_FAMILY = "1,2";
			};
			name = Debug;
		};
		87BB51D22441ADC5005EF5A9 /* Release */ = {
			isa = XCBuildConfiguration;
			buildSettings = {
				ASSETCATALOG_COMPILER_APPICON_NAME = AppIcon;
				CODE_SIGN_STYLE = Automatic;
				INFOPLIST_FILE = ARkit_practice/Info.plist;
				LD_RUNPATH_SEARCH_PATHS = (
					"$(inherited)",
					"@executable_path/Frameworks",
				);
				PRODUCT_BUNDLE_IDENTIFIER = "takuan.ARkit-practice";
				PRODUCT_NAME = "$(TARGET_NAME)";
				SWIFT_VERSION = 5.0;
				TARGETED_DEVICE_FAMILY = "1,2";
			};
			name = Release;
		};
		87BB51D42441ADC5005EF5A9 /* Debug */ = {
			isa = XCBuildConfiguration;
			buildSettings = {
				ALWAYS_EMBED_SWIFT_STANDARD_LIBRARIES = YES;
				BUNDLE_LOADER = "$(TEST_HOST)";
				CODE_SIGN_STYLE = Automatic;
				INFOPLIST_FILE = ARkit_practiceTests/Info.plist;
				IPHONEOS_DEPLOYMENT_TARGET = 13.2;
				LD_RUNPATH_SEARCH_PATHS = (
					"$(inherited)",
					"@executable_path/Frameworks",
					"@loader_path/Frameworks",
				);
				PRODUCT_BUNDLE_IDENTIFIER = "takuan.ARkit-practiceTests";
				PRODUCT_NAME = "$(TARGET_NAME)";
				SWIFT_VERSION = 5.0;
				TARGETED_DEVICE_FAMILY = "1,2";
				TEST_HOST = "$(BUILT_PRODUCTS_DIR)/ARkit_practice.app/ARkit_practice";
			};
			name = Debug;
		};
		87BB51D52441ADC5005EF5A9 /* Release */ = {
			isa = XCBuildConfiguration;
			buildSettings = {
				ALWAYS_EMBED_SWIFT_STANDARD_LIBRARIES = YES;
				BUNDLE_LOADER = "$(TEST_HOST)";
				CODE_SIGN_STYLE = Automatic;
				INFOPLIST_FILE = ARkit_practiceTests/Info.plist;
				IPHONEOS_DEPLOYMENT_TARGET = 13.2;
				LD_RUNPATH_SEARCH_PATHS = (
					"$(inherited)",
					"@executable_path/Frameworks",
					"@loader_path/Frameworks",
				);
				PRODUCT_BUNDLE_IDENTIFIER = "takuan.ARkit-practiceTests";
				PRODUCT_NAME = "$(TARGET_NAME)";
				SWIFT_VERSION = 5.0;
				TARGETED_DEVICE_FAMILY = "1,2";
				TEST_HOST = "$(BUILT_PRODUCTS_DIR)/ARkit_practice.app/ARkit_practice";
			};
			name = Release;
		};
		87BB51D72441ADC5005EF5A9 /* Debug */ = {
			isa = XCBuildConfiguration;
			buildSettings = {
				ALWAYS_EMBED_SWIFT_STANDARD_LIBRARIES = YES;
				CODE_SIGN_STYLE = Automatic;
				INFOPLIST_FILE = ARkit_practiceUITests/Info.plist;
				LD_RUNPATH_SEARCH_PATHS = (
					"$(inherited)",
					"@executable_path/Frameworks",
					"@loader_path/Frameworks",
				);
				PRODUCT_BUNDLE_IDENTIFIER = "takuan.ARkit-practiceUITests";
				PRODUCT_NAME = "$(TARGET_NAME)";
				SWIFT_VERSION = 5.0;
				TARGETED_DEVICE_FAMILY = "1,2";
				TEST_TARGET_NAME = ARkit_practice;
			};
			name = Debug;
		};
		87BB51D82441ADC5005EF5A9 /* Release */ = {
			isa = XCBuildConfiguration;
			buildSettings = {
				ALWAYS_EMBED_SWIFT_STANDARD_LIBRARIES = YES;
				CODE_SIGN_STYLE = Automatic;
				INFOPLIST_FILE = ARkit_practiceUITests/Info.plist;
				LD_RUNPATH_SEARCH_PATHS = (
					"$(inherited)",
					"@executable_path/Frameworks",
					"@loader_path/Frameworks",
				);
				PRODUCT_BUNDLE_IDENTIFIER = "takuan.ARkit-practiceUITests";
				PRODUCT_NAME = "$(TARGET_NAME)";
				SWIFT_VERSION = 5.0;
				TARGETED_DEVICE_FAMILY = "1,2";
				TEST_TARGET_NAME = ARkit_practice;
			};
			name = Release;
		};
/* End XCBuildConfiguration section */

/* Begin XCConfigurationList section */
		87BB51A12441ADBB005EF5A9 /* Build configuration list for PBXProject "ARkit_practice" */ = {
			isa = XCConfigurationList;
			buildConfigurations = (
				87BB51CE2441ADC5005EF5A9 /* Debug */,
				87BB51CF2441ADC5005EF5A9 /* Release */,
			);
			defaultConfigurationIsVisible = 0;
			defaultConfigurationName = Release;
		};
		87BB51D02441ADC5005EF5A9 /* Build configuration list for PBXNativeTarget "ARkit_practice" */ = {
			isa = XCConfigurationList;
			buildConfigurations = (
				87BB51D12441ADC5005EF5A9 /* Debug */,
				87BB51D22441ADC5005EF5A9 /* Release */,
			);
			defaultConfigurationIsVisible = 0;
			defaultConfigurationName = Release;
		};
		87BB51D32441ADC5005EF5A9 /* Build configuration list for PBXNativeTarget "ARkit_practiceTests" */ = {
			isa = XCConfigurationList;
			buildConfigurations = (
				87BB51D42441ADC5005EF5A9 /* Debug */,
				87BB51D52441ADC5005EF5A9 /* Release */,
			);
			defaultConfigurationIsVisible = 0;
			defaultConfigurationName = Release;
		};
		87BB51D62441ADC5005EF5A9 /* Build configuration list for PBXNativeTarget "ARkit_practiceUITests" */ = {
			isa = XCConfigurationList;
			buildConfigurations = (
				87BB51D72441ADC5005EF5A9 /* Debug */,
				87BB51D82441ADC5005EF5A9 /* Release */,
			);
			defaultConfigurationIsVisible = 0;
			defaultConfigurationName = Release;
		};
/* End XCConfigurationList section */
	};
	rootObject = 87BB519E2441ADBB005EF5A9 /* Project object */;
}
